
Microsoft Visual Studio Solution File, Format Version 12.00
# Visual Studio Version 17
VisualStudioVersion = 17.8.34511.84
MinimumVisualStudioVersion = 10.0.40219.1
Project("{9A19103F-16F7-4668-BE54-9A1E7A4F7556}") = "RestaurantOnlineBookingApp.Web", "RestaurantOnlineBookingApp\RestaurantOnlineBookingApp.Web.csproj", "{A86BE289-D556-4F56-864A-142D1EC95472}"
EndProject
Project("{9A19103F-16F7-4668-BE54-9A1E7A4F7556}") = "RestaurantOnlineBookingApp.Common", "RestaurantOnlineBooking.Common\RestaurantOnlineBookingApp.Common.csproj", "{0491A102-D68F-4F87-AFDF-4E7083F75C5F}"
EndProject
Project("{2150E333-8FDC-42A3-9474-1A3956D46DE8}") = "Data", "Data", "{DA5A291F-811D-40D6-BF15-C79F10C36FD1}"
EndProject
Project("{2150E333-8FDC-42A3-9474-1A3956D46DE8}") = "Web", "Web", "{DAD89F43-9627-41F4-8A48-78187F24ACF5}"
EndProject
Project("{9A19103F-16F7-4668-BE54-9A1E7A4F7556}") = "RestaurantOnlineBookingApp.Data", "RestaurantOnlineBookingApp.Data\RestaurantOnlineBookingApp.Data.csproj", "{3FC36E19-9495-4624-BE70-E55BCE068917}"
EndProject
Project("{9A19103F-16F7-4668-BE54-9A1E7A4F7556}") = "RestaurantOnlineBookingApp.Web.ViewModels", "RestaurantOnlineBookingApp.Web.ViewModels\RestaurantOnlineBookingApp.Web.ViewModels.csproj", "{AAA32FD6-25EB-4384-AC6D-E315967B958E}"
EndProject
Project("{9A19103F-16F7-4668-BE54-9A1E7A4F7556}") = "RestaurantOnlineBookingApp.Data.Models", "RestaurantOnlineBookingApp.Data.Models\RestaurantOnlineBookingApp.Data.Models.csproj", "{0EBB286F-2506-46CF-BEC5-EFBC365D0DA5}"
EndProject
Project("{2150E333-8FDC-42A3-9474-1A3956D46DE8}") = "Services", "Services", "{0699B4E1-F490-4D0D-BEA1-FFAF7B959D1D}"
EndProject
Project("{9A19103F-16F7-4668-BE54-9A1E7A4F7556}") = "RestaurantOnlineBooking.Services.Data", "RestaurantOnlineBooking.Services.Data\RestaurantOnlineBooking.Services.Data.csproj", "{D77EEF7B-D21E-4694-9583-91CAA479682B}"
EndProject
Project("{9A19103F-16F7-4668-BE54-9A1E7A4F7556}") = "RestaurantOnlineBooking.Services.Data.Models", "RestaurantOnlineBooking.Services.Data.Models\RestaurantOnlineBooking.Services.Data.Models.csproj", "{BBCF360C-1136-4E3C-B6A2-FF7450DAED6A}"
EndProject
Project("{9A19103F-16F7-4668-BE54-9A1E7A4F7556}") = "RestaurantOnlineBookingApp.Infrastructure", "RestaurantOnlineBookingApp.Infrastructure\RestaurantOnlineBookingApp.Infrastructure.csproj", "{7A5F310E-F439-4C72-89F5-B5708DDE79C0}"
EndProject
Project("{2150E333-8FDC-42A3-9474-1A3956D46DE8}") = "Tests", "Tests", "{F5DA5B28-8CE8-491D-A7FC-ABE101FD188F}"
EndProject
Project("{9A19103F-16F7-4668-BE54-9A1E7A4F7556}") = "RestaurantBookingApp.Services.Tests", "RestaurantBookingApp.Services.Tests\RestaurantBookingApp.Services.Tests.csproj", "{1BE6BC12-5625-4836-A57A-55090A246D1D}"
EndProject
Global
	GlobalSection(SolutionConfigurationPlatforms) = preSolution
		Debug|Any CPU = Debug|Any CPU
		Release|Any CPU = Release|Any CPU
	EndGlobalSection
	GlobalSection(ProjectConfigurationPlatforms) = postSolution
		{A86BE289-D556-4F56-864A-142D1EC95472}.Debug|Any CPU.ActiveCfg = Debug|Any CPU
		{A86BE289-D556-4F56-864A-142D1EC95472}.Debug|Any CPU.Build.0 = Debug|Any CPU
		{A86BE289-D556-4F56-864A-142D1EC95472}.Release|Any CPU.ActiveCfg = Release|Any CPU
		{A86BE289-D556-4F56-864A-142D1EC95472}.Release|Any CPU.Build.0 = Release|Any CPU
		{0491A102-D68F-4F87-AFDF-4E7083F75C5F}.Debug|Any CPU.ActiveCfg = Debug|Any CPU
		{0491A102-D68F-4F87-AFDF-4E7083F75C5F}.Debug|Any CPU.Build.0 = Debug|Any CPU
		{0491A102-D68F-4F87-AFDF-4E7083F75C5F}.Release|Any CPU.ActiveCfg = Release|Any CPU
		{0491A102-D68F-4F87-AFDF-4E7083F75C5F}.Release|Any CPU.Build.0 = Release|Any CPU
		{3FC36E19-9495-4624-BE70-E55BCE068917}.Debug|Any CPU.ActiveCfg = Debug|Any CPU
		{3FC36E19-9495-4624-BE70-E55BCE068917}.Debug|Any CPU.Build.0 = Debug|Any CPU
		{3FC36E19-9495-4624-BE70-E55BCE068917}.Release|Any CPU.ActiveCfg = Release|Any CPU
		{3FC36E19-9495-4624-BE70-E55BCE068917}.Release|Any CPU.Build.0 = Release|Any CPU
		{AAA32FD6-25EB-4384-AC6D-E315967B958E}.Debug|Any CPU.ActiveCfg = Debug|Any CPU
		{AAA32FD6-25EB-4384-AC6D-E315967B958E}.Debug|Any CPU.Build.0 = Debug|Any CPU
		{AAA32FD6-25EB-4384-AC6D-E315967B958E}.Release|Any CPU.ActiveCfg = Release|Any CPU
		{AAA32FD6-25EB-4384-AC6D-E315967B958E}.Release|Any CPU.Build.0 = Release|Any CPU
		{0EBB286F-2506-46CF-BEC5-EFBC365D0DA5}.Debug|Any CPU.ActiveCfg = Debug|Any CPU
		{0EBB286F-2506-46CF-BEC5-EFBC365D0DA5}.Debug|Any CPU.Build.0 = Debug|Any CPU
		{0EBB286F-2506-46CF-BEC5-EFBC365D0DA5}.Release|Any CPU.ActiveCfg = Release|Any CPU
		{0EBB286F-2506-46CF-BEC5-EFBC365D0DA5}.Release|Any CPU.Build.0 = Release|Any CPU
		{D77EEF7B-D21E-4694-9583-91CAA479682B}.Debug|Any CPU.ActiveCfg = Debug|Any CPU
		{D77EEF7B-D21E-4694-9583-91CAA479682B}.Debug|Any CPU.Build.0 = Debug|Any CPU
		{D77EEF7B-D21E-4694-9583-91CAA479682B}.Release|Any CPU.ActiveCfg = Release|Any CPU
		{D77EEF7B-D21E-4694-9583-91CAA479682B}.Release|Any CPU.Build.0 = Release|Any CPU
		{BBCF360C-1136-4E3C-B6A2-FF7450DAED6A}.Debug|Any CPU.ActiveCfg = Debug|Any CPU
		{BBCF360C-1136-4E3C-B6A2-FF7450DAED6A}.Debug|Any CPU.Build.0 = Debug|Any CPU
		{BBCF360C-1136-4E3C-B6A2-FF7450DAED6A}.Release|Any CPU.ActiveCfg = Release|Any CPU
		{BBCF360C-1136-4E3C-B6A2-FF7450DAED6A}.Release|Any CPU.Build.0 = Release|Any CPU
		{7A5F310E-F439-4C72-89F5-B5708DDE79C0}.Debug|Any CPU.ActiveCfg = Debug|Any CPU
		{7A5F310E-F439-4C72-89F5-B5708DDE79C0}.Debug|Any CPU.Build.0 = Debug|Any CPU
		{7A5F310E-F439-4C72-89F5-B5708DDE79C0}.Release|Any CPU.ActiveCfg = Release|Any CPU
		{7A5F310E-F439-4C72-89F5-B5708DDE79C0}.Release|Any CPU.Build.0 = Release|Any CPU
		{1BE6BC12-5625-4836-A57A-55090A246D1D}.Debug|Any CPU.ActiveCfg = Debug|Any CPU
		{1BE6BC12-5625-4836-A57A-55090A246D1D}.Debug|Any CPU.Build.0 = Debug|Any CPU
		{1BE6BC12-5625-4836-A57A-55090A246D1D}.Release|Any CPU.ActiveCfg = Release|Any CPU
		{1BE6BC12-5625-4836-A57A-55090A246D1D}.Release|Any CPU.Build.0 = Release|Any CPU
	EndGlobalSection
	GlobalSection(SolutionProperties) = preSolution
		HideSolutionNode = FALSE
	EndGlobalSection
	GlobalSection(NestedProjects) = preSolution
		{A86BE289-D556-4F56-864A-142D1EC95472} = {DAD89F43-9627-41F4-8A48-78187F24ACF5}
		{3FC36E19-9495-4624-BE70-E55BCE068917} = {DA5A291F-811D-40D6-BF15-C79F10C36FD1}
		{AAA32FD6-25EB-4384-AC6D-E315967B958E} = {DAD89F43-9627-41F4-8A48-78187F24ACF5}
		{0EBB286F-2506-46CF-BEC5-EFBC365D0DA5} = {DA5A291F-811D-40D6-BF15-C79F10C36FD1}
		{D77EEF7B-D21E-4694-9583-91CAA479682B} = {0699B4E1-F490-4D0D-BEA1-FFAF7B959D1D}
		{BBCF360C-1136-4E3C-B6A2-FF7450DAED6A} = {0699B4E1-F490-4D0D-BEA1-FFAF7B959D1D}
		{7A5F310E-F439-4C72-89F5-B5708DDE79C0} = {DAD89F43-9627-41F4-8A48-78187F24ACF5}
		{1BE6BC12-5625-4836-A57A-55090A246D1D} = {F5DA5B28-8CE8-491D-A7FC-ABE101FD188F}
	EndGlobalSection
	GlobalSection(ExtensibilityGlobals) = postSolution
		SolutionGuid = {D6A161CD-1335-40AE-B2D9-30FD86DE2FE3}
	EndGlobalSection
EndGlobal
