
Microsoft Visual Studio Solution File, Format Version 12.00
# Visual Studio Version 17
VisualStudioVersion = 17.8.34511.84
MinimumVisualStudioVersion = 10.0.40219.1
Project("{9A19103F-16F7-4668-BE54-9A1E7A4F7556}") = "RestaurantOnlineBookingApp.Web", "RestaurantOnlineBookingApp\RestaurantOnlineBookingApp.Web.csproj", "{A86BE289-D556-4F56-864A-142D1EC95472}"
EndProject
Project("{9A19103F-16F7-4668-BE54-9A1E7A4F7556}") = "RestaurantOnlineBookingApp.Common", "RestaurantOnlineBooking.Common\RestaurantOnlineBookingApp.Common.csproj", "{0491A102-D68F-4F87-AFDF-4E7083F75C5F}"
EndProject
Project("{2150E333-8FDC-42A3-9474-1A3956D46DE8}") = "Data", "Data", "{DA5A291F-811D-40D6-BF15-C79F10C36FD1}"
EndProject
Project("{2150E333-8FDC-42A3-9474-1A3956D46DE8}") = "Web", "Web", "{DAD89F43-9627-41F4-8A48-78187F24ACF5}"
EndProject
Project("{9A19103F-16F7-4668-BE54-9A1E7A4F7556}") = "RestaurantOnlineBookingApp.Data", "RestaurantOnlineBookingApp.Data\RestaurantOnlineBookingApp.Data.csproj", "{3FC36E19-9495-4624-BE70-E55BCE068917}"
EndProject
Project("{9A19103F-16F7-4668-BE54-9A1E7A4F7556}") = "RestaurantOnlineBookingApp.Web.ViewModels", "RestaurantOnlineBookingApp.Web.ViewModels\RestaurantOnlineBookingApp.Web.ViewModels.csproj", "{AAA32FD6-25EB-4384-AC6D-E315967B958E}"
EndProject
Project("{9A19103F-16F7-4668-BE54-9A1E7A4F7556}") = "RestaurantOnlineBookingApp.Data.Models", "RestaurantOnlineBookingApp.Data.Models\RestaurantOnlineBookingApp.Data.Models.csproj", "{0EBB286F-2506-46CF-BEC5-EFBC365D0DA5}"
EndProject
Global
	GlobalSection(SolutionConfigurationPlatforms) = preSolution
		Debug|Any CPU = Debug|Any CPU
		Release|Any CPU = Release|Any CPU
	EndGlobalSection
	GlobalSection(ProjectConfigurationPlatforms) = postSolution
		{A86BE289-D556-4F56-864A-142D1EC95472}.Debug|Any CPU.ActiveCfg = Debug|Any CPU
		{A86BE289-D556-4F56-864A-142D1EC95472}.Debug|Any CPU.Build.0 = Debug|Any CPU
		{A86BE289-D556-4F56-864A-142D1EC95472}.Release|Any CPU.ActiveCfg = Release|Any CPU
		{A86BE289-D556-4F56-864A-142D1EC95472}.Release|Any CPU.Build.0 = Release|Any CPU
		{0491A102-D68F-4F87-AFDF-4E7083F75C5F}.Debug|Any CPU.ActiveCfg = Debug|Any CPU
		{0491A102-D68F-4F87-AFDF-4E7083F75C5F}.Debug|Any CPU.Build.0 = Debug|Any CPU
		{0491A102-D68F-4F87-AFDF-4E7083F75C5F}.Release|Any CPU.ActiveCfg = Release|Any CPU
		{0491A102-D68F-4F87-AFDF-4E7083F75C5F}.Release|Any CPU.Build.0 = Release|Any CPU
		{3FC36E19-9495-4624-BE70-E55BCE068917}.Debug|Any CPU.ActiveCfg = Debug|Any CPU
		{3FC36E19-9495-4624-BE70-E55BCE068917}.Debug|Any CPU.Build.0 = Debug|Any CPU
		{3FC36E19-9495-4624-BE70-E55BCE068917}.Release|Any CPU.ActiveCfg = Release|Any CPU
		{3FC36E19-9495-4624-BE70-E55BCE068917}.Release|Any CPU.Build.0 = Release|Any CPU
		{AAA32FD6-25EB-4384-AC6D-E315967B958E}.Debug|Any CPU.ActiveCfg = Debug|Any CPU
		{AAA32FD6-25EB-4384-AC6D-E315967B958E}.Debug|Any CPU.Build.0 = Debug|Any CPU
		{AAA32FD6-25EB-4384-AC6D-E315967B958E}.Release|Any CPU.ActiveCfg = Release|Any CPU
		{AAA32FD6-25EB-4384-AC6D-E315967B958E}.Release|Any CPU.Build.0 = Release|Any CPU
		{0EBB286F-2506-46CF-BEC5-EFBC365D0DA5}.Debug|Any CPU.ActiveCfg = Debug|Any CPU
		{0EBB286F-2506-46CF-BEC5-EFBC365D0DA5}.Debug|Any CPU.Build.0 = Debug|Any CPU
		{0EBB286F-2506-46CF-BEC5-EFBC365D0DA5}.Release|Any CPU.ActiveCfg = Release|Any CPU
		{0EBB286F-2506-46CF-BEC5-EFBC365D0DA5}.Release|Any CPU.Build.0 = Release|Any CPU
	EndGlobalSection
	GlobalSection(SolutionProperties) = preSolution
		HideSolutionNode = FALSE
	EndGlobalSection
	GlobalSection(NestedProjects) = preSolution
		{A86BE289-D556-4F56-864A-142D1EC95472} = {DAD89F43-9627-41F4-8A48-78187F24ACF5}
		{3FC36E19-9495-4624-BE70-E55BCE068917} = {DA5A291F-811D-40D6-BF15-C79F10C36FD1}
		{AAA32FD6-25EB-4384-AC6D-E315967B958E} = {DAD89F43-9627-41F4-8A48-78187F24ACF5}
		{0EBB286F-2506-46CF-BEC5-EFBC365D0DA5} = {DA5A291F-811D-40D6-BF15-C79F10C36FD1}
	EndGlobalSection
	GlobalSection(ExtensibilityGlobals) = postSolution
		SolutionGuid = {D6A161CD-1335-40AE-B2D9-30FD86DE2FE3}
	EndGlobalSection
EndGlobal
